// !$*UTF8*$!
{
	archiveVersion = 1;
	classes = {
	};
	objectVersion = 48;
	objects = {

/* Begin PBXBuildFile section */
		9B2F50272083AD3100BD808D /* Enemy.swift in Sources */ = {isa = PBXBuildFile; fileRef = 9B2F50262083AD3100BD808D /* Enemy.swift */; };
		9B416A8A2085121A00E65777 /* EnemyController.swift in Sources */ = {isa = PBXBuildFile; fileRef = 9B416A892085121A00E65777 /* EnemyController.swift */; };
		9B416A8C2085289400E65777 /* Game.storyboard in Resources */ = {isa = PBXBuildFile; fileRef = 9B416A8B2085289400E65777 /* Game.storyboard */; };
		9B416A8E208528AF00E65777 /* Game.sks in Resources */ = {isa = PBXBuildFile; fileRef = 9B416A8D208528AF00E65777 /* Game.sks */; };
		9B416A902085291100E65777 /* ChangeGameViewController.swift in Sources */ = {isa = PBXBuildFile; fileRef = 9B416A8F2085291100E65777 /* ChangeGameViewController.swift */; };
		9B416A9220852A4500E65777 /* GameScene.swift in Sources */ = {isa = PBXBuildFile; fileRef = 9B416A9120852A4500E65777 /* GameScene.swift */; };
		9B416A942086273A00E65777 /* EnemyFactory.swift in Sources */ = {isa = PBXBuildFile; fileRef = 9B416A932086273A00E65777 /* EnemyFactory.swift */; };
		9B416A962086275600E65777 /* PlaneEnemy.swift in Sources */ = {isa = PBXBuildFile; fileRef = 9B416A952086275600E65777 /* PlaneEnemy.swift */; };
		9B416A98208627A400E65777 /* EnemyDefinition.swift in Sources */ = {isa = PBXBuildFile; fileRef = 9B416A97208627A400E65777 /* EnemyDefinition.swift */; };
		9B416A9B20863DCD00E65777 /* Collision BitMask.swift in Sources */ = {isa = PBXBuildFile; fileRef = 9B416A9A20863DCD00E65777 /* Collision BitMask.swift */; };
		9B627B762081305400B0FBEE /* AppDelegate.swift in Sources */ = {isa = PBXBuildFile; fileRef = 9B627B752081305400B0FBEE /* AppDelegate.swift */; };
		9B627B812081305400B0FBEE /* Assets.xcassets in Resources */ = {isa = PBXBuildFile; fileRef = 9B627B802081305400B0FBEE /* Assets.xcassets */; };
		9B627B842081305400B0FBEE /* LaunchScreen.storyboard in Resources */ = {isa = PBXBuildFile; fileRef = 9B627B822081305400B0FBEE /* LaunchScreen.storyboard */; };
		9B627B96208390FD00B0FBEE /* BlueprintState.swift in Sources */ = {isa = PBXBuildFile; fileRef = 9B627B95208390FD00B0FBEE /* BlueprintState.swift */; };
		9B627B982083912500B0FBEE /* DoodleState.swift in Sources */ = {isa = PBXBuildFile; fileRef = 9B627B972083912500B0FBEE /* DoodleState.swift */; };
		9B627BA220839A2000B0FBEE /* EnemyAction.sks in Resources */ = {isa = PBXBuildFile; fileRef = 9B627BA120839A2000B0FBEE /* EnemyAction.sks */; };
		9B6B160B20867660008E2D9F /* WatercolorState.swift in Sources */ = {isa = PBXBuildFile; fileRef = 9B6B160A20867660008E2D9F /* WatercolorState.swift */; };
		9B8D5D8B20868AC70001DB35 /* RandomPoint.swift in Sources */ = {isa = PBXBuildFile; fileRef = 9B8D5D8A20868AC70001DB35 /* RandomPoint.swift */; };
		9B8D5D8D208690F20001DB35 /* BaloonEnemy.swift in Sources */ = {isa = PBXBuildFile; fileRef = 9B8D5D8C208690F20001DB35 /* BaloonEnemy.swift */; };
/* End PBXBuildFile section */

/* Begin PBXFileReference section */
		9B2F50262083AD3100BD808D /* Enemy.swift */ = {isa = PBXFileReference; lastKnownFileType = sourcecode.swift; path = Enemy.swift; sourceTree = "<group>"; };
		9B416A892085121A00E65777 /* EnemyController.swift */ = {isa = PBXFileReference; lastKnownFileType = sourcecode.swift; path = EnemyController.swift; sourceTree = "<group>"; };
		9B416A8B2085289400E65777 /* Game.storyboard */ = {isa = PBXFileReference; lastKnownFileType = file.storyboard; path = Game.storyboard; sourceTree = "<group>"; };
		9B416A8D208528AF00E65777 /* Game.sks */ = {isa = PBXFileReference; lastKnownFileType = file.sks; path = Game.sks; sourceTree = "<group>"; };
		9B416A8F2085291100E65777 /* ChangeGameViewController.swift */ = {isa = PBXFileReference; lastKnownFileType = sourcecode.swift; path = ChangeGameViewController.swift; sourceTree = "<group>"; };
		9B416A9120852A4500E65777 /* GameScene.swift */ = {isa = PBXFileReference; lastKnownFileType = sourcecode.swift; path = GameScene.swift; sourceTree = "<group>"; };
		9B416A932086273A00E65777 /* EnemyFactory.swift */ = {isa = PBXFileReference; lastKnownFileType = sourcecode.swift; path = EnemyFactory.swift; sourceTree = "<group>"; };
		9B416A952086275600E65777 /* PlaneEnemy.swift */ = {isa = PBXFileReference; lastKnownFileType = sourcecode.swift; path = PlaneEnemy.swift; sourceTree = "<group>"; };
		9B416A97208627A400E65777 /* EnemyDefinition.swift */ = {isa = PBXFileReference; lastKnownFileType = sourcecode.swift; path = EnemyDefinition.swift; sourceTree = "<group>"; };
		9B416A9A20863DCD00E65777 /* Collision BitMask.swift */ = {isa = PBXFileReference; lastKnownFileType = sourcecode.swift; path = "Collision BitMask.swift"; sourceTree = "<group>"; };
		9B627B722081305400B0FBEE /* Dots.app */ = {isa = PBXFileReference; explicitFileType = wrapper.application; includeInIndex = 0; path = Dots.app; sourceTree = BUILT_PRODUCTS_DIR; };
		9B627B752081305400B0FBEE /* AppDelegate.swift */ = {isa = PBXFileReference; lastKnownFileType = sourcecode.swift; path = AppDelegate.swift; sourceTree = "<group>"; };
		9B627B802081305400B0FBEE /* Assets.xcassets */ = {isa = PBXFileReference; lastKnownFileType = folder.assetcatalog; path = Assets.xcassets; sourceTree = "<group>"; };
		9B627B832081305400B0FBEE /* Base */ = {isa = PBXFileReference; lastKnownFileType = file.storyboard; name = Base; path = Base.lproj/LaunchScreen.storyboard; sourceTree = "<group>"; };
		9B627B852081305400B0FBEE /* Info.plist */ = {isa = PBXFileReference; lastKnownFileType = text.plist.xml; path = Info.plist; sourceTree = "<group>"; };
		9B627B95208390FD00B0FBEE /* BlueprintState.swift */ = {isa = PBXFileReference; lastKnownFileType = sourcecode.swift; path = BlueprintState.swift; sourceTree = "<group>"; };
		9B627B972083912500B0FBEE /* DoodleState.swift */ = {isa = PBXFileReference; lastKnownFileType = sourcecode.swift; path = DoodleState.swift; sourceTree = "<group>"; };
		9B627BA120839A2000B0FBEE /* EnemyAction.sks */ = {isa = PBXFileReference; lastKnownFileType = file.sks; path = EnemyAction.sks; sourceTree = "<group>"; };
		9B6B160A20867660008E2D9F /* WatercolorState.swift */ = {isa = PBXFileReference; lastKnownFileType = sourcecode.swift; path = WatercolorState.swift; sourceTree = "<group>"; };
		9B8D5D8A20868AC70001DB35 /* RandomPoint.swift */ = {isa = PBXFileReference; lastKnownFileType = sourcecode.swift; path = RandomPoint.swift; sourceTree = "<group>"; };
		9B8D5D8C208690F20001DB35 /* BaloonEnemy.swift */ = {isa = PBXFileReference; lastKnownFileType = sourcecode.swift; path = BaloonEnemy.swift; sourceTree = "<group>"; };
/* End PBXFileReference section */

/* Begin PBXFrameworksBuildPhase section */
		9B627B6F2081305400B0FBEE /* Frameworks */ = {
			isa = PBXFrameworksBuildPhase;
			buildActionMask = 2147483647;
			files = (
			);
			runOnlyForDeploymentPostprocessing = 0;
		};
/* End PBXFrameworksBuildPhase section */

/* Begin PBXGroup section */
		9B416A9920862B3C00E65777 /* Scene States */ = {
			isa = PBXGroup;
			children = (
				9B627B95208390FD00B0FBEE /* BlueprintState.swift */,
				9B627B972083912500B0FBEE /* DoodleState.swift */,
				9B6B160A20867660008E2D9F /* WatercolorState.swift */,
			);
			path = "Scene States";
			sourceTree = "<group>";
		};
		9B627B692081305400B0FBEE = {
			isa = PBXGroup;
			children = (
				9B627B742081305400B0FBEE /* Dots */,
				9B627B732081305400B0FBEE /* Products */,
			);
			sourceTree = "<group>";
		};
		9B627B732081305400B0FBEE /* Products */ = {
			isa = PBXGroup;
			children = (
				9B627B722081305400B0FBEE /* Dots.app */,
			);
			name = Products;
			sourceTree = "<group>";
		};
		9B627B742081305400B0FBEE /* Dots */ = {
			isa = PBXGroup;
			children = (
				9B627B752081305400B0FBEE /* AppDelegate.swift */,
				9B627B8B208131C000B0FBEE /* View Controller */,
				9B627B8E20838B1200B0FBEE /* View */,
				9B627B9020838B7F00B0FBEE /* Game */,
				9B8D5D87208678F90001DB35 /* Enemy Controller */,
				9B8D5D8920868AAD0001DB35 /* Extensions */,
				9B627B942083904100B0FBEE /* Scene Controller */,
				9B627B8F20838B3500B0FBEE /* Assets */,
				9B627B852081305400B0FBEE /* Info.plist */,
			);
			path = Dots;
			sourceTree = "<group>";
		};
		9B627B8B208131C000B0FBEE /* View Controller */ = {
			isa = PBXGroup;
			children = (
				9B416A8F2085291100E65777 /* ChangeGameViewController.swift */,
			);
			path = "View Controller";
			sourceTree = "<group>";
		};
		9B627B8E20838B1200B0FBEE /* View */ = {
			isa = PBXGroup;
			children = (
				9B627B822081305400B0FBEE /* LaunchScreen.storyboard */,
				9B416A8B2085289400E65777 /* Game.storyboard */,
			);
			path = View;
			sourceTree = "<group>";
		};
		9B627B8F20838B3500B0FBEE /* Assets */ = {
			isa = PBXGroup;
			children = (
				9B627B802081305400B0FBEE /* Assets.xcassets */,
			);
			path = Assets;
			sourceTree = "<group>";
		};
		9B627B9020838B7F00B0FBEE /* Game */ = {
			isa = PBXGroup;
			children = (
				9B627BA020839A0C00B0FBEE /* Actions */,
				9B416A8D208528AF00E65777 /* Game.sks */,
			);
			path = Game;
			sourceTree = "<group>";
		};
		9B627B942083904100B0FBEE /* Scene Controller */ = {
			isa = PBXGroup;
			children = (
				9B627B9E2083977A00B0FBEE /* Game Scene */,
			);
			path = "Scene Controller";
			sourceTree = "<group>";
		};
		9B627B9E2083977A00B0FBEE /* Game Scene */ = {
			isa = PBXGroup;
			children = (
				9B416A9120852A4500E65777 /* GameScene.swift */,
				9B416A9920862B3C00E65777 /* Scene States */,
			);
			path = "Game Scene";
			sourceTree = "<group>";
		};
		9B627B9F2083978200B0FBEE /* Enemies */ = {
			isa = PBXGroup;
			children = (
				9B2F50262083AD3100BD808D /* Enemy.swift */,
				9B416A952086275600E65777 /* PlaneEnemy.swift */,
				9B8D5D8C208690F20001DB35 /* BaloonEnemy.swift */,
			);
			path = Enemies;
			sourceTree = "<group>";
		};
		9B627BA020839A0C00B0FBEE /* Actions */ = {
			isa = PBXGroup;
			children = (
				9B627BA120839A2000B0FBEE /* EnemyAction.sks */,
			);
			path = Actions;
			sourceTree = "<group>";
		};
		9B8D5D87208678F90001DB35 /* Enemy Controller */ = {
			isa = PBXGroup;
			children = (
				9B416A892085121A00E65777 /* EnemyController.swift */,
				9B416A97208627A400E65777 /* EnemyDefinition.swift */,
				9B416A932086273A00E65777 /* EnemyFactory.swift */,
				9B416A9A20863DCD00E65777 /* Collision BitMask.swift */,
				9B627B9F2083978200B0FBEE /* Enemies */,
				9B8D5D88208679030001DB35 /* EnemyControllerState */,
			);
			path = "Enemy Controller";
			sourceTree = "<group>";
		};
		9B8D5D88208679030001DB35 /* EnemyControllerState */ = {
			isa = PBXGroup;
			children = (
			);
			path = EnemyControllerState;
			sourceTree = "<group>";
		};
		9B8D5D8920868AAD0001DB35 /* Extensions */ = {
			isa = PBXGroup;
			children = (
				9B8D5D8A20868AC70001DB35 /* RandomPoint.swift */,
			);
			path = Extensions;
			sourceTree = "<group>";
		};
/* End PBXGroup section */

/* Begin PBXNativeTarget section */
		9B627B712081305400B0FBEE /* Dots */ = {
			isa = PBXNativeTarget;
			buildConfigurationList = 9B627B882081305400B0FBEE /* Build configuration list for PBXNativeTarget "Dots" */;
			buildPhases = (
				9B627B6E2081305400B0FBEE /* Sources */,
				9B627B6F2081305400B0FBEE /* Frameworks */,
				9B627B702081305400B0FBEE /* Resources */,
				9B627B99208392C900B0FBEE /* ShellScript */,
			);
			buildRules = (
			);
			dependencies = (
			);
			name = Dots;
			productName = Dots;
			productReference = 9B627B722081305400B0FBEE /* Dots.app */;
			productType = "com.apple.product-type.application";
		};
/* End PBXNativeTarget section */

/* Begin PBXProject section */
		9B627B6A2081305400B0FBEE /* Project object */ = {
			isa = PBXProject;
			attributes = {
				LastSwiftUpdateCheck = 0920;
				LastUpgradeCheck = 0930;
				ORGANIZATIONNAME = "Giovani Nascimento Pereira";
				TargetAttributes = {
					9B627B712081305400B0FBEE = {
						CreatedOnToolsVersion = 9.2;
						ProvisioningStyle = Automatic;
					};
				};
			};
			buildConfigurationList = 9B627B6D2081305400B0FBEE /* Build configuration list for PBXProject "Dots" */;
			compatibilityVersion = "Xcode 8.0";
			developmentRegion = en;
			hasScannedForEncodings = 0;
			knownRegions = (
				en,
				Base,
			);
			mainGroup = 9B627B692081305400B0FBEE;
			productRefGroup = 9B627B732081305400B0FBEE /* Products */;
			projectDirPath = "";
			projectRoot = "";
			targets = (
				9B627B712081305400B0FBEE /* Dots */,
			);
		};
/* End PBXProject section */

/* Begin PBXResourcesBuildPhase section */
		9B627B702081305400B0FBEE /* Resources */ = {
			isa = PBXResourcesBuildPhase;
			buildActionMask = 2147483647;
			files = (
				9B416A8E208528AF00E65777 /* Game.sks in Resources */,
				9B627B842081305400B0FBEE /* LaunchScreen.storyboard in Resources */,
				9B416A8C2085289400E65777 /* Game.storyboard in Resources */,
				9B627B812081305400B0FBEE /* Assets.xcassets in Resources */,
				9B627BA220839A2000B0FBEE /* EnemyAction.sks in Resources */,
			);
			runOnlyForDeploymentPostprocessing = 0;
		};
/* End PBXResourcesBuildPhase section */

/* Begin PBXShellScriptBuildPhase section */
		9B627B99208392C900B0FBEE /* ShellScript */ = {
			isa = PBXShellScriptBuildPhase;
			buildActionMask = 2147483647;
			files = (
			);
			inputPaths = (
			);
			outputPaths = (
			);
			runOnlyForDeploymentPostprocessing = 0;
			shellPath = /bin/sh;
			shellScript = "if which swiftlint >/dev/null; then\nswiftlint --config Dots/.swiftlint.yml\nelse\necho \"warning: SwiftLint not installed, download from https://github.com/realm/SwiftLint\"\nfi";
		};
/* End PBXShellScriptBuildPhase section */

/* Begin PBXSourcesBuildPhase section */
		9B627B6E2081305400B0FBEE /* Sources */ = {
			isa = PBXSourcesBuildPhase;
			buildActionMask = 2147483647;
			files = (
				9B2F50272083AD3100BD808D /* Enemy.swift in Sources */,
				9B416A902085291100E65777 /* ChangeGameViewController.swift in Sources */,
				9B627B982083912500B0FBEE /* DoodleState.swift in Sources */,
				9B8D5D8D208690F20001DB35 /* BaloonEnemy.swift in Sources */,
				9B416A942086273A00E65777 /* EnemyFactory.swift in Sources */,
				9B627B762081305400B0FBEE /* AppDelegate.swift in Sources */,
				9B416A9B20863DCD00E65777 /* Collision BitMask.swift in Sources */,
				9B8D5D8B20868AC70001DB35 /* RandomPoint.swift in Sources */,
				9B416A962086275600E65777 /* PlaneEnemy.swift in Sources */,
				9B627B96208390FD00B0FBEE /* BlueprintState.swift in Sources */,
				9B416A98208627A400E65777 /* EnemyDefinition.swift in Sources */,
				9B416A9220852A4500E65777 /* GameScene.swift in Sources */,
				9B416A8A2085121A00E65777 /* EnemyController.swift in Sources */,
				9B6B160B20867660008E2D9F /* WatercolorState.swift in Sources */,
			);
			runOnlyForDeploymentPostprocessing = 0;
		};
/* End PBXSourcesBuildPhase section */

/* Begin PBXVariantGroup section */
		9B627B822081305400B0FBEE /* LaunchScreen.storyboard */ = {
			isa = PBXVariantGroup;
			children = (
				9B627B832081305400B0FBEE /* Base */,
			);
			name = LaunchScreen.storyboard;
			sourceTree = "<group>";
		};
/* End PBXVariantGroup section */

/* Begin XCBuildConfiguration section */
		9B627B862081305400B0FBEE /* Debug */ = {
			isa = XCBuildConfiguration;
			buildSettings = {
				ALWAYS_SEARCH_USER_PATHS = NO;
				CLANG_ANALYZER_NONNULL = YES;
				CLANG_ANALYZER_NUMBER_OBJECT_CONVERSION = YES_AGGRESSIVE;
				CLANG_CXX_LANGUAGE_STANDARD = "gnu++14";
				CLANG_CXX_LIBRARY = "libc++";
				CLANG_ENABLE_MODULES = YES;
				CLANG_ENABLE_OBJC_ARC = YES;
				CLANG_WARN_BLOCK_CAPTURE_AUTORELEASING = YES;
				CLANG_WARN_BOOL_CONVERSION = YES;
				CLANG_WARN_COMMA = YES;
				CLANG_WARN_CONSTANT_CONVERSION = YES;
				CLANG_WARN_DEPRECATED_OBJC_IMPLEMENTATIONS = YES;
				CLANG_WARN_DIRECT_OBJC_ISA_USAGE = YES_ERROR;
				CLANG_WARN_DOCUMENTATION_COMMENTS = YES;
				CLANG_WARN_EMPTY_BODY = YES;
				CLANG_WARN_ENUM_CONVERSION = YES;
				CLANG_WARN_INFINITE_RECURSION = YES;
				CLANG_WARN_INT_CONVERSION = YES;
				CLANG_WARN_NON_LITERAL_NULL_CONVERSION = YES;
				CLANG_WARN_OBJC_IMPLICIT_RETAIN_SELF = YES;
				CLANG_WARN_OBJC_LITERAL_CONVERSION = YES;
				CLANG_WARN_OBJC_ROOT_CLASS = YES_ERROR;
				CLANG_WARN_RANGE_LOOP_ANALYSIS = YES;
				CLANG_WARN_STRICT_PROTOTYPES = YES;
				CLANG_WARN_SUSPICIOUS_MOVE = YES;
				CLANG_WARN_UNGUARDED_AVAILABILITY = YES_AGGRESSIVE;
				CLANG_WARN_UNREACHABLE_CODE = YES;
				CLANG_WARN__DUPLICATE_METHOD_MATCH = YES;
				CODE_SIGN_IDENTITY = "iPhone Developer";
				COPY_PHASE_STRIP = NO;
				DEBUG_INFORMATION_FORMAT = dwarf;
				ENABLE_STRICT_OBJC_MSGSEND = YES;
				ENABLE_TESTABILITY = YES;
				GCC_C_LANGUAGE_STANDARD = gnu11;
				GCC_DYNAMIC_NO_PIC = NO;
				GCC_NO_COMMON_BLOCKS = YES;
				GCC_OPTIMIZATION_LEVEL = 0;
				GCC_PREPROCESSOR_DEFINITIONS = (
					"DEBUG=1",
					"$(inherited)",
				);
				GCC_WARN_64_TO_32_BIT_CONVERSION = YES;
				GCC_WARN_ABOUT_RETURN_TYPE = YES_ERROR;
				GCC_WARN_UNDECLARED_SELECTOR = YES;
				GCC_WARN_UNINITIALIZED_AUTOS = YES_AGGRESSIVE;
				GCC_WARN_UNUSED_FUNCTION = YES;
				GCC_WARN_UNUSED_VARIABLE = YES;
				IPHONEOS_DEPLOYMENT_TARGET = 10.0;
				MTL_ENABLE_DEBUG_INFO = YES;
				ONLY_ACTIVE_ARCH = YES;
				SDKROOT = iphoneos;
				SWIFT_ACTIVE_COMPILATION_CONDITIONS = DEBUG;
				SWIFT_OPTIMIZATION_LEVEL = "-Onone";
			};
			name = Debug;
		};
		9B627B872081305400B0FBEE /* Release */ = {
			isa = XCBuildConfiguration;
			buildSettings = {
				ALWAYS_SEARCH_USER_PATHS = NO;
				CLANG_ANALYZER_NONNULL = YES;
				CLANG_ANALYZER_NUMBER_OBJECT_CONVERSION = YES_AGGRESSIVE;
				CLANG_CXX_LANGUAGE_STANDARD = "gnu++14";
				CLANG_CXX_LIBRARY = "libc++";
				CLANG_ENABLE_MODULES = YES;
				CLANG_ENABLE_OBJC_ARC = YES;
				CLANG_WARN_BLOCK_CAPTURE_AUTORELEASING = YES;
				CLANG_WARN_BOOL_CONVERSION = YES;
				CLANG_WARN_COMMA = YES;
				CLANG_WARN_CONSTANT_CONVERSION = YES;
				CLANG_WARN_DEPRECATED_OBJC_IMPLEMENTATIONS = YES;
				CLANG_WARN_DIRECT_OBJC_ISA_USAGE = YES_ERROR;
				CLANG_WARN_DOCUMENTATION_COMMENTS = YES;
				CLANG_WARN_EMPTY_BODY = YES;
				CLANG_WARN_ENUM_CONVERSION = YES;
				CLANG_WARN_INFINITE_RECURSION = YES;
				CLANG_WARN_INT_CONVERSION = YES;
				CLANG_WARN_NON_LITERAL_NULL_CONVERSION = YES;
				CLANG_WARN_OBJC_IMPLICIT_RETAIN_SELF = YES;
				CLANG_WARN_OBJC_LITERAL_CONVERSION = YES;
				CLANG_WARN_OBJC_ROOT_CLASS = YES_ERROR;
				CLANG_WARN_RANGE_LOOP_ANALYSIS = YES;
				CLANG_WARN_STRICT_PROTOTYPES = YES;
				CLANG_WARN_SUSPICIOUS_MOVE = YES;
				CLANG_WARN_UNGUARDED_AVAILABILITY = YES_AGGRESSIVE;
				CLANG_WARN_UNREACHABLE_CODE = YES;
				CLANG_WARN__DUPLICATE_METHOD_MATCH = YES;
				CODE_SIGN_IDENTITY = "iPhone Developer";
				COPY_PHASE_STRIP = NO;
				DEBUG_INFORMATION_FORMAT = "dwarf-with-dsym";
				ENABLE_NS_ASSERTIONS = NO;
				ENABLE_STRICT_OBJC_MSGSEND = YES;
				GCC_C_LANGUAGE_STANDARD = gnu11;
				GCC_NO_COMMON_BLOCKS = YES;
				GCC_WARN_64_TO_32_BIT_CONVERSION = YES;
				GCC_WARN_ABOUT_RETURN_TYPE = YES_ERROR;
				GCC_WARN_UNDECLARED_SELECTOR = YES;
				GCC_WARN_UNINITIALIZED_AUTOS = YES_AGGRESSIVE;
				GCC_WARN_UNUSED_FUNCTION = YES;
				GCC_WARN_UNUSED_VARIABLE = YES;
				IPHONEOS_DEPLOYMENT_TARGET = 10.0;
				MTL_ENABLE_DEBUG_INFO = NO;
				SDKROOT = iphoneos;
				SWIFT_OPTIMIZATION_LEVEL = "-Owholemodule";
				VALIDATE_PRODUCT = YES;
			};
			name = Release;
		};
		9B627B892081305400B0FBEE /* Debug */ = {
			isa = XCBuildConfiguration;
			buildSettings = {
				ASSETCATALOG_COMPILER_APPICON_NAME = AppIcon;
				CODE_SIGN_STYLE = Automatic;
				DEVELOPMENT_TEAM = 2ECVV26Q6C;
				INFOPLIST_FILE = Dots/Info.plist;
				IPHONEOS_DEPLOYMENT_TARGET = 10.0;
				LD_RUNPATH_SEARCH_PATHS = "$(inherited) @executable_path/Frameworks";
				PRODUCT_BUNDLE_IDENTIFIER = eldorado.bepid.Dots;
				PRODUCT_NAME = "$(TARGET_NAME)";
				SWIFT_VERSION = 4.0;
				TARGETED_DEVICE_FAMILY = "1,2";
			};
			name = Debug;
		};
		9B627B8A2081305400B0FBEE /* Release */ = {
			isa = XCBuildConfiguration;
			buildSettings = {
				ASSETCATALOG_COMPILER_APPICON_NAME = AppIcon;
				CODE_SIGN_STYLE = Automatic;
				DEVELOPMENT_TEAM = 2ECVV26Q6C;
				INFOPLIST_FILE = Dots/Info.plist;
				IPHONEOS_DEPLOYMENT_TARGET = 10.0;
				LD_RUNPATH_SEARCH_PATHS = "$(inherited) @executable_path/Frameworks";
				PRODUCT_BUNDLE_IDENTIFIER = eldorado.bepid.Dots;
				PRODUCT_NAME = "$(TARGET_NAME)";
				SWIFT_VERSION = 4.0;
				TARGETED_DEVICE_FAMILY = "1,2";
			};
			name = Release;
		};
/* End XCBuildConfiguration section */

/* Begin XCConfigurationList section */
		9B627B6D2081305400B0FBEE /* Build configuration list for PBXProject "Dots" */ = {
			isa = XCConfigurationList;
			buildConfigurations = (
				9B627B862081305400B0FBEE /* Debug */,
				9B627B872081305400B0FBEE /* Release */,
			);
			defaultConfigurationIsVisible = 0;
			defaultConfigurationName = Release;
		};
		9B627B882081305400B0FBEE /* Build configuration list for PBXNativeTarget "Dots" */ = {
			isa = XCConfigurationList;
			buildConfigurations = (
				9B627B892081305400B0FBEE /* Debug */,
				9B627B8A2081305400B0FBEE /* Release */,
			);
			defaultConfigurationIsVisible = 0;
			defaultConfigurationName = Release;
		};
/* End XCConfigurationList section */
	};
	rootObject = 9B627B6A2081305400B0FBEE /* Project object */;
}
